PODS:
  - Flutter (1.0.0)
  - folivora_sizer (0.0.1):
    - Flutter

DEPENDENCIES:
  - Flutter (from `Flutter`)
  - folivora_sizer (from `.symlinks/plugins/folivora_sizer/ios`)

EXTERNAL SOURCES:
  Flutter:
    :path: Flutter
  folivora_sizer:
    :path: ".symlinks/plugins/folivora_sizer/ios"

SPEC CHECKSUMS:
  Flutter: f04841e97a9d0b0a8025694d0796dd46242b2854
  folivora_sizer: 7652569ef4fbde5b8b1ab20a3acb72ed44fb438b

PODFILE CHECKSUM: ef19549a9bc3046e7bb7d2fab4d021637c0c58a3

COCOAPODS: 1.11.3
